
Microsoft Visual Studio Solution File, Format Version 12.00
# Visual Studio Version 17
VisualStudioVersion = 17.14.36705.20 d17.14
MinimumVisualStudioVersion = 10.0.40219.1
Project("{FAE04EC0-301F-11D3-BF4B-00C04F79EFBC}") = "F28x_Project", "F28x_Project.csproj", "{A4E883A5-CE63-488F-A4CF-FDDD20DA1930}"
EndProject
Global
	GlobalSection(SolutionConfigurationPlatforms) = preSolution
		Debug|Any CPU = Debug|Any CPU
		Release|Any CPU = Release|Any CPU
	EndGlobalSection
	GlobalSection(ProjectConfigurationPlatforms) = postSolution
		{A4E883A5-CE63-488F-A4CF-FDDD20DA1930}.Debug|Any CPU.ActiveCfg = Debug|Any CPU
		{A4E883A5-CE63-488F-A4CF-FDDD20DA1930}.Debug|Any CPU.Build.0 = Debug|Any CPU
		{A4E883A5-CE63-488F-A4CF-FDDD20DA1930}.Release|Any CPU.ActiveCfg = Release|Any CPU
		{A4E883A5-CE63-488F-A4CF-FDDD20DA1930}.Release|Any CPU.Build.0 = Release|Any CPU
	EndGlobalSection
	GlobalSection(SolutionProperties) = preSolution
		HideSolutionNode = FALSE
	EndGlobalSection
	GlobalSection(ExtensibilityGlobals) = postSolution
		SolutionGuid = {0B57C869-B809-48D9-AF1D-AE1949A5DB90}
	EndGlobalSection
EndGlobal
